
Microsoft Visual Studio Solution File, Format Version 12.00
# Visual Studio 14
VisualStudioVersion = 14.0.25420.1
MinimumVisualStudioVersion = 10.0.40219.1
Project("{F184B08F-C81C-45F6-A57F-5ABD9991F28F}") = "MocaWin20", "MocaWin\MocaWin20.vbproj", "{900749A1-1CFB-4E46-837C-D302E92A9BE8}"
EndProject
Project("{2150E333-8FDC-42A3-9474-1A3956D46DE8}") = ".nuget", ".nuget", "{816C1A4E-968C-4C6E-A846-79FA2E4E0851}"
	ProjectSection(SolutionItems) = preProject
		.nuget\NuGet.Config = .nuget\NuGet.Config
		.nuget\NuGet.exe = .nuget\NuGet.exe
		.nuget\NuGet.targets = .nuget\NuGet.targets
	EndProjectSection
EndProject
Project("{2150E333-8FDC-42A3-9474-1A3956D46DE8}") = "Solution Items", "Solution Items", "{9DFCFC9D-C560-430D-B2EE-CA7EAF651CF9}"
	ProjectSection(SolutionItems) = preProject
		LICENSE.md = LICENSE.md
		README.md = README.md
	EndProjectSection
EndProject
Project("{F184B08F-C81C-45F6-A57F-5ABD9991F28F}") = "MocaWin35", "MocaWin\MocaWin35.vbproj", "{0E65FE0F-D095-4025-BA20-33DD8B3EEFC4}"
EndProject
Project("{F184B08F-C81C-45F6-A57F-5ABD9991F28F}") = "MocaWin40", "MocaWin\MocaWin40.vbproj", "{7AF18446-DD1F-48B6-9201-F77DCC53B507}"
EndProject
Project("{F184B08F-C81C-45F6-A57F-5ABD9991F28F}") = "MocaWin45", "MocaWin\MocaWin45.vbproj", "{579CFA12-0A79-45D7-BCFA-3BBBB0C12FE6}"
EndProject
Project("{F184B08F-C81C-45F6-A57F-5ABD9991F28F}") = "MocaWin46", "MocaWin\MocaWin46.vbproj", "{BF4807FA-19DA-47D4-B441-B25A3890690C}"
EndProject
Project("{F184B08F-C81C-45F6-A57F-5ABD9991F28F}") = "MocaWin47", "MocaWin\MocaWin47.vbproj", "{BA88BF94-30E3-44F8-8C9B-875037BDACE2}"
EndProject
Project("{F184B08F-C81C-45F6-A57F-5ABD9991F28F}") = "MocaWin452", "MocaWin\MocaWin452.vbproj", "{6DB8B3F8-3BD8-45B7-94DD-DB6E8076F1D0}"
EndProject
Project("{F184B08F-C81C-45F6-A57F-5ABD9991F28F}") = "MocaWin462", "MocaWin\MocaWin462.vbproj", "{586618FE-5CA2-4BFE-A72C-75C8569165D9}"
EndProject
Project("{FF286327-C783-4F7A-AB73-9BCBAD0D4460}") = "NuGet.Package", "NuGet.Package\NuGet.Package.nuproj", "{F1A3723A-FDA1-4BE6-BEB5-C341CA76BEC9}"
EndProject
Global
	GlobalSection(SolutionConfigurationPlatforms) = preSolution
		Debug|Any CPU = Debug|Any CPU
		Release|Any CPU = Release|Any CPU
	EndGlobalSection
	GlobalSection(ProjectConfigurationPlatforms) = postSolution
		{900749A1-1CFB-4E46-837C-D302E92A9BE8}.Debug|Any CPU.ActiveCfg = Debug|Any CPU
		{900749A1-1CFB-4E46-837C-D302E92A9BE8}.Debug|Any CPU.Build.0 = Debug|Any CPU
		{900749A1-1CFB-4E46-837C-D302E92A9BE8}.Release|Any CPU.ActiveCfg = Release|Any CPU
		{900749A1-1CFB-4E46-837C-D302E92A9BE8}.Release|Any CPU.Build.0 = Release|Any CPU
		{0E65FE0F-D095-4025-BA20-33DD8B3EEFC4}.Debug|Any CPU.ActiveCfg = Debug|Any CPU
		{0E65FE0F-D095-4025-BA20-33DD8B3EEFC4}.Debug|Any CPU.Build.0 = Debug|Any CPU
		{0E65FE0F-D095-4025-BA20-33DD8B3EEFC4}.Release|Any CPU.ActiveCfg = Release|Any CPU
		{0E65FE0F-D095-4025-BA20-33DD8B3EEFC4}.Release|Any CPU.Build.0 = Release|Any CPU
		{7AF18446-DD1F-48B6-9201-F77DCC53B507}.Debug|Any CPU.ActiveCfg = Debug|Any CPU
		{7AF18446-DD1F-48B6-9201-F77DCC53B507}.Debug|Any CPU.Build.0 = Debug|Any CPU
		{7AF18446-DD1F-48B6-9201-F77DCC53B507}.Release|Any CPU.ActiveCfg = Release|Any CPU
		{7AF18446-DD1F-48B6-9201-F77DCC53B507}.Release|Any CPU.Build.0 = Release|Any CPU
		{579CFA12-0A79-45D7-BCFA-3BBBB0C12FE6}.Debug|Any CPU.ActiveCfg = Debug|Any CPU
		{579CFA12-0A79-45D7-BCFA-3BBBB0C12FE6}.Debug|Any CPU.Build.0 = Debug|Any CPU
		{579CFA12-0A79-45D7-BCFA-3BBBB0C12FE6}.Release|Any CPU.ActiveCfg = Release|Any CPU
		{579CFA12-0A79-45D7-BCFA-3BBBB0C12FE6}.Release|Any CPU.Build.0 = Release|Any CPU
		{BF4807FA-19DA-47D4-B441-B25A3890690C}.Debug|Any CPU.ActiveCfg = Debug|Any CPU
		{BF4807FA-19DA-47D4-B441-B25A3890690C}.Debug|Any CPU.Build.0 = Debug|Any CPU
		{BF4807FA-19DA-47D4-B441-B25A3890690C}.Release|Any CPU.ActiveCfg = Release|Any CPU
		{BF4807FA-19DA-47D4-B441-B25A3890690C}.Release|Any CPU.Build.0 = Release|Any CPU
		{BA88BF94-30E3-44F8-8C9B-875037BDACE2}.Debug|Any CPU.ActiveCfg = Debug|Any CPU
		{BA88BF94-30E3-44F8-8C9B-875037BDACE2}.Debug|Any CPU.Build.0 = Debug|Any CPU
		{BA88BF94-30E3-44F8-8C9B-875037BDACE2}.Release|Any CPU.ActiveCfg = Release|Any CPU
		{BA88BF94-30E3-44F8-8C9B-875037BDACE2}.Release|Any CPU.Build.0 = Release|Any CPU
		{6DB8B3F8-3BD8-45B7-94DD-DB6E8076F1D0}.Debug|Any CPU.ActiveCfg = Debug|Any CPU
		{6DB8B3F8-3BD8-45B7-94DD-DB6E8076F1D0}.Debug|Any CPU.Build.0 = Debug|Any CPU
		{6DB8B3F8-3BD8-45B7-94DD-DB6E8076F1D0}.Release|Any CPU.ActiveCfg = Release|Any CPU
		{6DB8B3F8-3BD8-45B7-94DD-DB6E8076F1D0}.Release|Any CPU.Build.0 = Release|Any CPU
		{586618FE-5CA2-4BFE-A72C-75C8569165D9}.Debug|Any CPU.ActiveCfg = Debug|Any CPU
		{586618FE-5CA2-4BFE-A72C-75C8569165D9}.Debug|Any CPU.Build.0 = Debug|Any CPU
		{586618FE-5CA2-4BFE-A72C-75C8569165D9}.Release|Any CPU.ActiveCfg = Release|Any CPU
		{586618FE-5CA2-4BFE-A72C-75C8569165D9}.Release|Any CPU.Build.0 = Release|Any CPU
		{F1A3723A-FDA1-4BE6-BEB5-C341CA76BEC9}.Debug|Any CPU.ActiveCfg = Debug|Any CPU
		{F1A3723A-FDA1-4BE6-BEB5-C341CA76BEC9}.Debug|Any CPU.Build.0 = Debug|Any CPU
		{F1A3723A-FDA1-4BE6-BEB5-C341CA76BEC9}.Release|Any CPU.ActiveCfg = Release|Any CPU
		{F1A3723A-FDA1-4BE6-BEB5-C341CA76BEC9}.Release|Any CPU.Build.0 = Release|Any CPU
	EndGlobalSection
	GlobalSection(SolutionProperties) = preSolution
		HideSolutionNode = FALSE
	EndGlobalSection
EndGlobal
